
Microsoft Visual Studio Solution File, Format Version 12.00
# Visual Studio 15
VisualStudioVersion = 15.0.28307.539
MinimumVisualStudioVersion = 10.0.40219.1
Project("{FAE04EC0-301F-11D3-BF4B-00C04F79EFBC}") = "ContosoUniversity", "ContosoUniversity\ContosoUniversity.csproj", "{D17F303C-CF55-4CD0-B9DA-147CC282CCD0}"
EndProject
Global
	GlobalSection(SolutionConfigurationPlatforms) = preSolution
		Debug|Any CPU = Debug|Any CPU
		Release|Any CPU = Release|Any CPU
	EndGlobalSection
	GlobalSection(ProjectConfigurationPlatforms) = postSolution
		{D17F303C-CF55-4CD0-B9DA-147CC282CCD0}.Debug|Any CPU.ActiveCfg = Debug|Any CPU
		{D17F303C-CF55-4CD0-B9DA-147CC282CCD0}.Debug|Any CPU.Build.0 = Debug|Any CPU
		{D17F303C-CF55-4CD0-B9DA-147CC282CCD0}.Release|Any CPU.ActiveCfg = Release|Any CPU
		{D17F303C-CF55-4CD0-B9DA-147CC282CCD0}.Release|Any CPU.Build.0 = Release|Any CPU
	EndGlobalSection
	GlobalSection(SolutionProperties) = preSolution
		HideSolutionNode = FALSE
	EndGlobalSection
	GlobalSection(ExtensibilityGlobals) = postSolution
		SolutionGuid = {D2E40D90-5C23-4C30-90B1-13336A66AE7A}
	EndGlobalSection
EndGlobal
